
Microsoft Visual Studio Solution File, Format Version 12.00
# Visual Studio Version 17
VisualStudioVersion = 17.13.35828.75
MinimumVisualStudioVersion = 10.0.40219.1
Project("{FAE04EC0-301F-11D3-BF4B-00C04F79EFBC}") = "WebApplication1", "WebApplication1\WebApplication1.csproj", "{F3252895-3D95-46C4-B352-206AB1F990A3}"
EndProject
Project("{FAE04EC0-301F-11D3-BF4B-00C04F79EFBC}") = "SlimEndpoints.AOT", "SlimEndpoints.AOT\SlimEndpoints.AOT.csproj", "{FB140DF6-3B9A-42A7-9A17-18F8837E5A6D}"
EndProject
Project("{FAE04EC0-301F-11D3-BF4B-00C04F79EFBC}") = "SlimEndpoints.AOT.Generator", "SlimEndpoints.AOT.Generator\SlimEndpoints.AOT.Generator.csproj", "{631BBBA1-8B40-4076-BE24-73C15FF5008B}"
EndProject
Project("{2150E333-8FDC-42A3-9474-1A3956D46DE8}") = "Solution Items", "Solution Items", "{8EC462FD-D22E-90A8-E5CE-7E832BA40C5D}"
	ProjectSection(SolutionItems) = preProject
		.github\workflows\main.yml = .github\workflows\main.yml
		README.md = README.md
	EndProjectSection
EndProject
Global
	GlobalSection(SolutionConfigurationPlatforms) = preSolution
		Debug|Any CPU = Debug|Any CPU
		Release|Any CPU = Release|Any CPU
	EndGlobalSection
	GlobalSection(ProjectConfigurationPlatforms) = postSolution
		{F3252895-3D95-46C4-B352-206AB1F990A3}.Debug|Any CPU.ActiveCfg = Debug|Any CPU
		{F3252895-3D95-46C4-B352-206AB1F990A3}.Debug|Any CPU.Build.0 = Debug|Any CPU
		{F3252895-3D95-46C4-B352-206AB1F990A3}.Release|Any CPU.ActiveCfg = Release|Any CPU
		{F3252895-3D95-46C4-B352-206AB1F990A3}.Release|Any CPU.Build.0 = Release|Any CPU
		{FB140DF6-3B9A-42A7-9A17-18F8837E5A6D}.Debug|Any CPU.ActiveCfg = Debug|Any CPU
		{FB140DF6-3B9A-42A7-9A17-18F8837E5A6D}.Debug|Any CPU.Build.0 = Debug|Any CPU
		{FB140DF6-3B9A-42A7-9A17-18F8837E5A6D}.Release|Any CPU.ActiveCfg = Release|Any CPU
		{FB140DF6-3B9A-42A7-9A17-18F8837E5A6D}.Release|Any CPU.Build.0 = Release|Any CPU
		{631BBBA1-8B40-4076-BE24-73C15FF5008B}.Debug|Any CPU.ActiveCfg = Debug|Any CPU
		{631BBBA1-8B40-4076-BE24-73C15FF5008B}.Debug|Any CPU.Build.0 = Debug|Any CPU
		{631BBBA1-8B40-4076-BE24-73C15FF5008B}.Release|Any CPU.ActiveCfg = Release|Any CPU
		{631BBBA1-8B40-4076-BE24-73C15FF5008B}.Release|Any CPU.Build.0 = Release|Any CPU
	EndGlobalSection
	GlobalSection(SolutionProperties) = preSolution
		HideSolutionNode = FALSE
	EndGlobalSection
	GlobalSection(ExtensibilityGlobals) = postSolution
		SolutionGuid = {C077D526-3767-45DE-84A6-0EE6D11BC0CE}
	EndGlobalSection
EndGlobal
